
Microsoft Visual Studio Solution File, Format Version 12.00
# Visual Studio Version 17
VisualStudioVersion = 17.10.35013.160
MinimumVisualStudioVersion = 10.0.40219.1
Project("{2150E333-8FDC-42A3-9474-1A3956D46DE8}") = "UI", "UI", "{FCA33503-2252-4D6F-9A56-A9803BCC712A}"
EndProject
Project("{2150E333-8FDC-42A3-9474-1A3956D46DE8}") = "API", "API", "{693F539A-425B-4DC6-BEEE-49A0BD73CD8A}"
EndProject
Project("{2150E333-8FDC-42A3-9474-1A3956D46DE8}") = "Core", "Core", "{92092135-0A93-446E-953B-7A09E32F3551}"
EndProject
Project("{2150E333-8FDC-42A3-9474-1A3956D46DE8}") = "Infrastructure", "Infrastructure", "{1D5BECD5-9022-40AA-909D-9876DDE2E2A0}"
EndProject
Project("{2150E333-8FDC-42A3-9474-1A3956D46DE8}") = "src", "src", "{72D360BF-CD0D-48FD-91D2-8F29458304F6}"
EndProject
Project("{9A19103F-16F7-4668-BE54-9A1E7A4F7556}") = "BookingSystem.Application", "BookingSystem.Application\BookingSystem.Application.csproj", "{F0AD3675-5ED8-483B-B2B7-9DE8396D911C}"
EndProject
Project("{9A19103F-16F7-4668-BE54-9A1E7A4F7556}") = "BookingSystem.Domain", "BookingSystem.Domain\BookingSystem.Domain.csproj", "{940FFB27-E6CF-41E0-BA12-9E6BCE9163AF}"
EndProject
Project("{2150E333-8FDC-42A3-9474-1A3956D46DE8}") = "Persistence", "Persistence", "{B55A9236-3F9B-4AE6-A97B-C27B5DB8FF47}"
EndProject
Project("{9A19103F-16F7-4668-BE54-9A1E7A4F7556}") = "BookingSystem.Persistence", "BookingSystem.Persistence\BookingSystem.Persistence.csproj", "{6AC4802F-6F85-4D7A-97E0-9B66A6B4F47A}"
EndProject
Project("{2150E333-8FDC-42A3-9474-1A3956D46DE8}") = "tests", "tests", "{4DB04A7B-A420-4976-9E0C-A9133149791F}"
EndProject
Project("{9A19103F-16F7-4668-BE54-9A1E7A4F7556}") = "BookingSystem.Api", "BookingSystem.Api\BookingSystem.Api.csproj", "{6E49C58D-0D26-43A9-AD17-AA3941BAFAAA}"
EndProject
Project("{9A19103F-16F7-4668-BE54-9A1E7A4F7556}") = "BookingSystem.Mobile.App", "BookingSyste.Mobile.App\BookingSystem.Mobile.App.csproj", "{EF6DF445-C421-4E7E-B4B6-69759F83FABE}"
EndProject
Project("{9A19103F-16F7-4668-BE54-9A1E7A4F7556}") = "BookingSystem.Shared", "BookingSystem.Shared\BookingSystem.Shared.csproj", "{0D1A1A9C-D9D0-49A4-9C97-EDB7857EA20E}"
EndProject
Project("{9A19103F-16F7-4668-BE54-9A1E7A4F7556}") = "BookingSystem.Web.Wasm", "BookingSystem.Web.Wasm\BookingSystem.Web.Wasm.csproj", "{FF5049EB-0CA0-468C-8541-7E49432F321E}"
EndProject
Global
	GlobalSection(SolutionConfigurationPlatforms) = preSolution
		Debug|Any CPU = Debug|Any CPU
		Release|Any CPU = Release|Any CPU
	EndGlobalSection
	GlobalSection(ProjectConfigurationPlatforms) = postSolution
		{F0AD3675-5ED8-483B-B2B7-9DE8396D911C}.Debug|Any CPU.ActiveCfg = Debug|Any CPU
		{F0AD3675-5ED8-483B-B2B7-9DE8396D911C}.Debug|Any CPU.Build.0 = Debug|Any CPU
		{F0AD3675-5ED8-483B-B2B7-9DE8396D911C}.Release|Any CPU.ActiveCfg = Release|Any CPU
		{F0AD3675-5ED8-483B-B2B7-9DE8396D911C}.Release|Any CPU.Build.0 = Release|Any CPU
		{940FFB27-E6CF-41E0-BA12-9E6BCE9163AF}.Debug|Any CPU.ActiveCfg = Debug|Any CPU
		{940FFB27-E6CF-41E0-BA12-9E6BCE9163AF}.Debug|Any CPU.Build.0 = Debug|Any CPU
		{940FFB27-E6CF-41E0-BA12-9E6BCE9163AF}.Release|Any CPU.ActiveCfg = Release|Any CPU
		{940FFB27-E6CF-41E0-BA12-9E6BCE9163AF}.Release|Any CPU.Build.0 = Release|Any CPU
		{6AC4802F-6F85-4D7A-97E0-9B66A6B4F47A}.Debug|Any CPU.ActiveCfg = Debug|Any CPU
		{6AC4802F-6F85-4D7A-97E0-9B66A6B4F47A}.Debug|Any CPU.Build.0 = Debug|Any CPU
		{6AC4802F-6F85-4D7A-97E0-9B66A6B4F47A}.Release|Any CPU.ActiveCfg = Release|Any CPU
		{6AC4802F-6F85-4D7A-97E0-9B66A6B4F47A}.Release|Any CPU.Build.0 = Release|Any CPU
		{6E49C58D-0D26-43A9-AD17-AA3941BAFAAA}.Debug|Any CPU.ActiveCfg = Debug|Any CPU
		{6E49C58D-0D26-43A9-AD17-AA3941BAFAAA}.Debug|Any CPU.Build.0 = Debug|Any CPU
		{6E49C58D-0D26-43A9-AD17-AA3941BAFAAA}.Release|Any CPU.ActiveCfg = Release|Any CPU
		{6E49C58D-0D26-43A9-AD17-AA3941BAFAAA}.Release|Any CPU.Build.0 = Release|Any CPU
		{EF6DF445-C421-4E7E-B4B6-69759F83FABE}.Debug|Any CPU.ActiveCfg = Debug|Any CPU
		{EF6DF445-C421-4E7E-B4B6-69759F83FABE}.Debug|Any CPU.Build.0 = Debug|Any CPU
		{EF6DF445-C421-4E7E-B4B6-69759F83FABE}.Debug|Any CPU.Deploy.0 = Debug|Any CPU
		{EF6DF445-C421-4E7E-B4B6-69759F83FABE}.Release|Any CPU.ActiveCfg = Release|Any CPU
		{EF6DF445-C421-4E7E-B4B6-69759F83FABE}.Release|Any CPU.Build.0 = Release|Any CPU
		{EF6DF445-C421-4E7E-B4B6-69759F83FABE}.Release|Any CPU.Deploy.0 = Release|Any CPU
		{0D1A1A9C-D9D0-49A4-9C97-EDB7857EA20E}.Debug|Any CPU.ActiveCfg = Debug|Any CPU
		{0D1A1A9C-D9D0-49A4-9C97-EDB7857EA20E}.Debug|Any CPU.Build.0 = Debug|Any CPU
		{0D1A1A9C-D9D0-49A4-9C97-EDB7857EA20E}.Release|Any CPU.ActiveCfg = Release|Any CPU
		{0D1A1A9C-D9D0-49A4-9C97-EDB7857EA20E}.Release|Any CPU.Build.0 = Release|Any CPU
		{FF5049EB-0CA0-468C-8541-7E49432F321E}.Debug|Any CPU.ActiveCfg = Debug|Any CPU
		{FF5049EB-0CA0-468C-8541-7E49432F321E}.Debug|Any CPU.Build.0 = Debug|Any CPU
		{FF5049EB-0CA0-468C-8541-7E49432F321E}.Release|Any CPU.ActiveCfg = Release|Any CPU
		{FF5049EB-0CA0-468C-8541-7E49432F321E}.Release|Any CPU.Build.0 = Release|Any CPU
	EndGlobalSection
	GlobalSection(SolutionProperties) = preSolution
		HideSolutionNode = FALSE
	EndGlobalSection
	GlobalSection(NestedProjects) = preSolution
		{FCA33503-2252-4D6F-9A56-A9803BCC712A} = {72D360BF-CD0D-48FD-91D2-8F29458304F6}
		{693F539A-425B-4DC6-BEEE-49A0BD73CD8A} = {72D360BF-CD0D-48FD-91D2-8F29458304F6}
		{92092135-0A93-446E-953B-7A09E32F3551} = {72D360BF-CD0D-48FD-91D2-8F29458304F6}
		{1D5BECD5-9022-40AA-909D-9876DDE2E2A0} = {72D360BF-CD0D-48FD-91D2-8F29458304F6}
		{F0AD3675-5ED8-483B-B2B7-9DE8396D911C} = {92092135-0A93-446E-953B-7A09E32F3551}
		{940FFB27-E6CF-41E0-BA12-9E6BCE9163AF} = {92092135-0A93-446E-953B-7A09E32F3551}
		{B55A9236-3F9B-4AE6-A97B-C27B5DB8FF47} = {1D5BECD5-9022-40AA-909D-9876DDE2E2A0}
		{6AC4802F-6F85-4D7A-97E0-9B66A6B4F47A} = {B55A9236-3F9B-4AE6-A97B-C27B5DB8FF47}
		{6E49C58D-0D26-43A9-AD17-AA3941BAFAAA} = {693F539A-425B-4DC6-BEEE-49A0BD73CD8A}
		{EF6DF445-C421-4E7E-B4B6-69759F83FABE} = {FCA33503-2252-4D6F-9A56-A9803BCC712A}
		{0D1A1A9C-D9D0-49A4-9C97-EDB7857EA20E} = {FCA33503-2252-4D6F-9A56-A9803BCC712A}
		{FF5049EB-0CA0-468C-8541-7E49432F321E} = {FCA33503-2252-4D6F-9A56-A9803BCC712A}
	EndGlobalSection
	GlobalSection(ExtensibilityGlobals) = postSolution
		SolutionGuid = {04BD3773-0767-4B17-ACDA-84BA85FDEA2D}
	EndGlobalSection
EndGlobal
